// !$*UTF8*$!
{
	archiveVersion = 1;
	classes = {
	};
	objectVersion = 50;
	objects = {

/* Begin PBXBuildFile section */
		562C9A9E26244C61003EB548 /* AppDelegate.swift in Sources */ = {isa = PBXBuildFile; fileRef = 562C9A9D26244C61003EB548 /* AppDelegate.swift */; };
		562C9AA026244C61003EB548 /* SceneDelegate.swift in Sources */ = {isa = PBXBuildFile; fileRef = 562C9A9F26244C61003EB548 /* SceneDelegate.swift */; };
		562C9AA226244C61003EB548 /* ViewController.swift in Sources */ = {isa = PBXBuildFile; fileRef = 562C9AA126244C61003EB548 /* ViewController.swift */; };
		562C9AA526244C61003EB548 /* Main.storyboard in Resources */ = {isa = PBXBuildFile; fileRef = 562C9AA326244C61003EB548 /* Main.storyboard */; };
		562C9AA726244C61003EB548 /* Assets.xcassets in Resources */ = {isa = PBXBuildFile; fileRef = 562C9AA626244C61003EB548 /* Assets.xcassets */; };
		562C9AAA26244C61003EB548 /* LaunchScreen.storyboard in Resources */ = {isa = PBXBuildFile; fileRef = 562C9AA826244C61003EB548 /* LaunchScreen.storyboard */; };
		56DA409C26244E5800B9E0E2 /* PopUp.storyboard in Resources */ = {isa = PBXBuildFile; fileRef = 56DA409B26244E5800B9E0E2 /* PopUp.storyboard */; };
		56DA40A4262492C300B9E0E2 /* WebKit.framework in Frameworks */ = {isa = PBXBuildFile; fileRef = 56DA40A3262492C300B9E0E2 /* WebKit.framework */; };
		56DA40A72624A5E500B9E0E2 /* CustomViewPopUpController.swift in Sources */ = {isa = PBXBuildFile; fileRef = 56DA409F26248CB100B9E0E2 /* CustomViewPopUpController.swift */; };
/* End PBXBuildFile section */

/* Begin PBXFileReference section */
		562C9A9A26244C61003EB548 /* CustomPopUp.app */ = {isa = PBXFileReference; explicitFileType = wrapper.application; includeInIndex = 0; path = CustomPopUp.app; sourceTree = BUILT_PRODUCTS_DIR; };
		562C9A9D26244C61003EB548 /* AppDelegate.swift */ = {isa = PBXFileReference; lastKnownFileType = sourcecode.swift; path = AppDelegate.swift; sourceTree = "<group>"; };
		562C9A9F26244C61003EB548 /* SceneDelegate.swift */ = {isa = PBXFileReference; lastKnownFileType = sourcecode.swift; path = SceneDelegate.swift; sourceTree = "<group>"; };
		562C9AA126244C61003EB548 /* ViewController.swift */ = {isa = PBXFileReference; lastKnownFileType = sourcecode.swift; path = ViewController.swift; sourceTree = "<group>"; };
		562C9AA426244C61003EB548 /* Base */ = {isa = PBXFileReference; lastKnownFileType = file.storyboard; name = Base; path = Base.lproj/Main.storyboard; sourceTree = "<group>"; };
		562C9AA626244C61003EB548 /* Assets.xcassets */ = {isa = PBXFileReference; lastKnownFileType = folder.assetcatalog; path = Assets.xcassets; sourceTree = "<group>"; };
		562C9AA926244C61003EB548 /* Base */ = {isa = PBXFileReference; lastKnownFileType = file.storyboard; name = Base; path = Base.lproj/LaunchScreen.storyboard; sourceTree = "<group>"; };
		562C9AAB26244C61003EB548 /* Info.plist */ = {isa = PBXFileReference; lastKnownFileType = text.plist.xml; path = Info.plist; sourceTree = "<group>"; };
		56DA409B26244E5800B9E0E2 /* PopUp.storyboard */ = {isa = PBXFileReference; lastKnownFileType = file.storyboard; path = PopUp.storyboard; sourceTree = "<group>"; };
		56DA409F26248CB100B9E0E2 /* CustomViewPopUpController.swift */ = {isa = PBXFileReference; lastKnownFileType = sourcecode.swift; path = CustomViewPopUpController.swift; sourceTree = "<group>"; };
		56DA40A3262492C300B9E0E2 /* WebKit.framework */ = {isa = PBXFileReference; lastKnownFileType = wrapper.framework; name = WebKit.framework; path = System/Library/Frameworks/WebKit.framework; sourceTree = SDKROOT; };
/* End PBXFileReference section */

/* Begin PBXFrameworksBuildPhase section */
		562C9A9726244C61003EB548 /* Frameworks */ = {
			isa = PBXFrameworksBuildPhase;
			buildActionMask = 2147483647;
			files = (
				56DA40A4262492C300B9E0E2 /* WebKit.framework in Frameworks */,
			);
			runOnlyForDeploymentPostprocessing = 0;
		};
/* End PBXFrameworksBuildPhase section */

/* Begin PBXGroup section */
		562C9A9126244C61003EB548 = {
			isa = PBXGroup;
			children = (
				562C9A9C26244C61003EB548 /* CustomPopUp */,
				562C9A9B26244C61003EB548 /* Products */,
				56DA40A2262492C300B9E0E2 /* Frameworks */,
			);
			sourceTree = "<group>";
		};
		562C9A9B26244C61003EB548 /* Products */ = {
			isa = PBXGroup;
			children = (
				562C9A9A26244C61003EB548 /* CustomPopUp.app */,
			);
			name = Products;
			sourceTree = "<group>";
		};
		562C9A9C26244C61003EB548 /* CustomPopUp */ = {
			isa = PBXGroup;
			children = (
				562C9A9D26244C61003EB548 /* AppDelegate.swift */,
				562C9A9F26244C61003EB548 /* SceneDelegate.swift */,
				562C9AA126244C61003EB548 /* ViewController.swift */,
				56DA409F26248CB100B9E0E2 /* CustomViewPopUpController.swift */,
				562C9AA326244C61003EB548 /* Main.storyboard */,
				56DA409B26244E5800B9E0E2 /* PopUp.storyboard */,
				562C9AA626244C61003EB548 /* Assets.xcassets */,
				562C9AA826244C61003EB548 /* LaunchScreen.storyboard */,
				562C9AAB26244C61003EB548 /* Info.plist */,
			);
			path = CustomPopUp;
			sourceTree = "<group>";
		};
		56DA40A2262492C300B9E0E2 /* Frameworks */ = {
			isa = PBXGroup;
			children = (
				56DA40A3262492C300B9E0E2 /* WebKit.framework */,
			);
			name = Frameworks;
			sourceTree = "<group>";
		};
/* End PBXGroup section */

/* Begin PBXNativeTarget section */
		562C9A9926244C61003EB548 /* CustomPopUp */ = {
			isa = PBXNativeTarget;
			buildConfigurationList = 562C9AAE26244C61003EB548 /* Build configuration list for PBXNativeTarget "CustomPopUp" */;
			buildPhases = (
				562C9A9626244C61003EB548 /* Sources */,
				562C9A9726244C61003EB548 /* Frameworks */,
				562C9A9826244C61003EB548 /* Resources */,
			);
			buildRules = (
			);
			dependencies = (
			);
			name = CustomPopUp;
			productName = CustomPopUp;
			productReference = 562C9A9A26244C61003EB548 /* CustomPopUp.app */;
			productType = "com.apple.product-type.application";
		};
/* End PBXNativeTarget section */

/* Begin PBXProject section */
		562C9A9226244C61003EB548 /* Project object */ = {
			isa = PBXProject;
			attributes = {
				LastSwiftUpdateCheck = 1240;
				LastUpgradeCheck = 1240;
				TargetAttributes = {
					562C9A9926244C61003EB548 = {
						CreatedOnToolsVersion = 12.4;
					};
				};
			};
			buildConfigurationList = 562C9A9526244C61003EB548 /* Build configuration list for PBXProject "CustomPopUp" */;
			compatibilityVersion = "Xcode 9.3";
			developmentRegion = en;
			hasScannedForEncodings = 0;
			knownRegions = (
				en,
				Base,
			);
			mainGroup = 562C9A9126244C61003EB548;
			productRefGroup = 562C9A9B26244C61003EB548 /* Products */;
			projectDirPath = "";
			projectRoot = "";
			targets = (
				562C9A9926244C61003EB548 /* CustomPopUp */,
			);
		};
/* End PBXProject section */

/* Begin PBXResourcesBuildPhase section */
		562C9A9826244C61003EB548 /* Resources */ = {
			isa = PBXResourcesBuildPhase;
			buildActionMask = 2147483647;
			files = (
				562C9AAA26244C61003EB548 /* LaunchScreen.storyboard in Resources */,
				562C9AA726244C61003EB548 /* Assets.xcassets in Resources */,
				562C9AA526244C61003EB548 /* Main.storyboard in Resources */,
				56DA409C26244E5800B9E0E2 /* PopUp.storyboard in Resources */,
			);
			runOnlyForDeploymentPostprocessing = 0;
		};
/* End PBXResourcesBuildPhase section */

/* Begin PBXSourcesBuildPhase section */
		562C9A9626244C61003EB548 /* Sources */ = {
			isa = PBXSourcesBuildPhase;
			buildActionMask = 2147483647;
			files = (
				56DA40A72624A5E500B9E0E2 /* CustomViewPopUpController.swift in Sources */,
				562C9AA226244C61003EB548 /* ViewController.swift in Sources */,
				562C9A9E26244C61003EB548 /* AppDelegate.swift in Sources */,
				562C9AA026244C61003EB548 /* SceneDelegate.swift in Sources */,
			);
			runOnlyForDeploymentPostprocessing = 0;
		};
/* End PBXSourcesBuildPhase section */

/* Begin PBXVariantGroup section */
		562C9AA326244C61003EB548 /* Main.storyboard */ = {
			isa = PBXVariantGroup;
			children = (
				562C9AA426244C61003EB548 /* Base */,
			);
			name = Main.storyboard;
			sourceTree = "<group>";
		};
		562C9AA826244C61003EB548 /* LaunchScreen.storyboard */ = {
			isa = PBXVariantGroup;
			children = (
				562C9AA926244C61003EB548 /* Base */,
			);
			name = LaunchScreen.storyboard;
			sourceTree = "<group>";
		};
/* End PBXVariantGroup section */

/* Begin XCBuildConfiguration section */
		562C9AAC26244C61003EB548 /* Debug */ = {
			isa = XCBuildConfiguration;
			buildSettings = {
				ALWAYS_SEARCH_USER_PATHS = NO;
				CLANG_ANALYZER_NONNULL = YES;
				CLANG_ANALYZER_NUMBER_OBJECT_CONVERSION = YES_AGGRESSIVE;
				CLANG_CXX_LANGUAGE_STANDARD = "gnu++14";
				CLANG_CXX_LIBRARY = "libc++";
				CLANG_ENABLE_MODULES = YES;
				CLANG_ENABLE_OBJC_ARC = YES;
				CLANG_ENABLE_OBJC_WEAK = YES;
				CLANG_WARN_BLOCK_CAPTURE_AUTORELEASING = YES;
				CLANG_WARN_BOOL_CONVERSION = YES;
				CLANG_WARN_COMMA = YES;
				CLANG_WARN_CONSTANT_CONVERSION = YES;
				CLANG_WARN_DEPRECATED_OBJC_IMPLEMENTATIONS = YES;
				CLANG_WARN_DIRECT_OBJC_ISA_USAGE = YES_ERROR;
				CLANG_WARN_DOCUMENTATION_COMMENTS = YES;
				CLANG_WARN_EMPTY_BODY = YES;
				CLANG_WARN_ENUM_CONVERSION = YES;
				CLANG_WARN_INFINITE_RECURSION = YES;
				CLANG_WARN_INT_CONVERSION = YES;
				CLANG_WARN_NON_LITERAL_NULL_CONVERSION = YES;
				CLANG_WARN_OBJC_IMPLICIT_RETAIN_SELF = YES;
				CLANG_WARN_OBJC_LITERAL_CONVERSION = YES;
				CLANG_WARN_OBJC_ROOT_CLASS = YES_ERROR;
				CLANG_WARN_QUOTED_INCLUDE_IN_FRAMEWORK_HEADER = YES;
				CLANG_WARN_RANGE_LOOP_ANALYSIS = YES;
				CLANG_WARN_STRICT_PROTOTYPES = YES;
				CLANG_WARN_SUSPICIOUS_MOVE = YES;
				CLANG_WARN_UNGUARDED_AVAILABILITY = YES_AGGRESSIVE;
				CLANG_WARN_UNREACHABLE_CODE = YES;
				CLANG_WARN__DUPLICATE_METHOD_MATCH = YES;
				COPY_PHASE_STRIP = NO;
				DEBUG_INFORMATION_FORMAT = dwarf;
				ENABLE_STRICT_OBJC_MSGSEND = YES;
				ENABLE_TESTABILITY = YES;
				GCC_C_LANGUAGE_STANDARD = gnu11;
				GCC_DYNAMIC_NO_PIC = NO;
				GCC_NO_COMMON_BLOCKS = YES;
				GCC_OPTIMIZATION_LEVEL = 0;
				GCC_PREPROCESSOR_DEFINITIONS = (
					"DEBUG=1",
					"$(inherited)",
				);
				GCC_WARN_64_TO_32_BIT_CONVERSION = YES;
				GCC_WARN_ABOUT_RETURN_TYPE = YES_ERROR;
				GCC_WARN_UNDECLARED_SELECTOR = YES;
				GCC_WARN_UNINITIALIZED_AUTOS = YES_AGGRESSIVE;
				GCC_WARN_UNUSED_FUNCTION = YES;
				GCC_WARN_UNUSED_VARIABLE = YES;
				IPHONEOS_DEPLOYMENT_TARGET = 14.4;
				MTL_ENABLE_DEBUG_INFO = INCLUDE_SOURCE;
				MTL_FAST_MATH = YES;
				ONLY_ACTIVE_ARCH = YES;
				SDKROOT = iphoneos;
				SWIFT_ACTIVE_COMPILATION_CONDITIONS = DEBUG;
				SWIFT_OPTIMIZATION_LEVEL = "-Onone";
			};
			name = Debug;
		};
		562C9AAD26244C61003EB548 /* Release */ = {
			isa = XCBuildConfiguration;
			buildSettings = {
				ALWAYS_SEARCH_USER_PATHS = NO;
				CLANG_ANALYZER_NONNULL = YES;
				CLANG_ANALYZER_NUMBER_OBJECT_CONVERSION = YES_AGGRESSIVE;
				CLANG_CXX_LANGUAGE_STANDARD = "gnu++14";
				CLANG_CXX_LIBRARY = "libc++";
				CLANG_ENABLE_MODULES = YES;
				CLANG_ENABLE_OBJC_ARC = YES;
				CLANG_ENABLE_OBJC_WEAK = YES;
				CLANG_WARN_BLOCK_CAPTURE_AUTORELEASING = YES;
				CLANG_WARN_BOOL_CONVERSION = YES;
				CLANG_WARN_COMMA = YES;
				CLANG_WARN_CONSTANT_CONVERSION = YES;
				CLANG_WARN_DEPRECATED_OBJC_IMPLEMENTATIONS = YES;
				CLANG_WARN_DIRECT_OBJC_ISA_USAGE = YES_ERROR;
				CLANG_WARN_DOCUMENTATION_COMMENTS = YES;
				CLANG_WARN_EMPTY_BODY = YES;
				CLANG_WARN_ENUM_CONVERSION = YES;
				CLANG_WARN_INFINITE_RECURSION = YES;
				CLANG_WARN_INT_CONVERSION = YES;
				CLANG_WARN_NON_LITERAL_NULL_CONVERSION = YES;
				CLANG_WARN_OBJC_IMPLICIT_RETAIN_SELF = YES;
				CLANG_WARN_OBJC_LITERAL_CONVERSION = YES;
				CLANG_WARN_OBJC_ROOT_CLASS = YES_ERROR;
				CLANG_WARN_QUOTED_INCLUDE_IN_FRAMEWORK_HEADER = YES;
				CLANG_WARN_RANGE_LOOP_ANALYSIS = YES;
				CLANG_WARN_STRICT_PROTOTYPES = YES;
				CLANG_WARN_SUSPICIOUS_MOVE = YES;
				CLANG_WARN_UNGUARDED_AVAILABILITY = YES_AGGRESSIVE;
				CLANG_WARN_UNREACHABLE_CODE = YES;
				CLANG_WARN__DUPLICATE_METHOD_MATCH = YES;
				COPY_PHASE_STRIP = NO;
				DEBUG_INFORMATION_FORMAT = "dwarf-with-dsym";
				ENABLE_NS_ASSERTIONS = NO;
				ENABLE_STRICT_OBJC_MSGSEND = YES;
				GCC_C_LANGUAGE_STANDARD = gnu11;
				GCC_NO_COMMON_BLOCKS = YES;
				GCC_WARN_64_TO_32_BIT_CONVERSION = YES;
				GCC_WARN_ABOUT_RETURN_TYPE = YES_ERROR;
				GCC_WARN_UNDECLARED_SELECTOR = YES;
				GCC_WARN_UNINITIALIZED_AUTOS = YES_AGGRESSIVE;
				GCC_WARN_UNUSED_FUNCTION = YES;
				GCC_WARN_UNUSED_VARIABLE = YES;
				IPHONEOS_DEPLOYMENT_TARGET = 14.4;
				MTL_ENABLE_DEBUG_INFO = NO;
				MTL_FAST_MATH = YES;
				SDKROOT = iphoneos;
				SWIFT_COMPILATION_MODE = wholemodule;
				SWIFT_OPTIMIZATION_LEVEL = "-O";
				VALIDATE_PRODUCT = YES;
			};
			name = Release;
		};
		562C9AAF26244C61003EB548 /* Debug */ = {
			isa = XCBuildConfiguration;
			buildSettings = {
				ASSETCATALOG_COMPILER_APPICON_NAME = AppIcon;
				ASSETCATALOG_COMPILER_GLOBAL_ACCENT_COLOR_NAME = AccentColor;
				CODE_SIGN_STYLE = Automatic;
				INFOPLIST_FILE = CustomPopUp/Info.plist;
				LD_RUNPATH_SEARCH_PATHS = (
					"$(inherited)",
					"@executable_path/Frameworks",
				);
				PRODUCT_BUNDLE_IDENTIFIER = seungmin.CustomPopUp;
				PRODUCT_NAME = "$(TARGET_NAME)";
				SWIFT_VERSION = 5.0;
				TARGETED_DEVICE_FAMILY = "1,2";
			};
			name = Debug;
		};
		562C9AB026244C61003EB548 /* Release */ = {
			isa = XCBuildConfiguration;
			buildSettings = {
				ASSETCATALOG_COMPILER_APPICON_NAME = AppIcon;
				ASSETCATALOG_COMPILER_GLOBAL_ACCENT_COLOR_NAME = AccentColor;
				CODE_SIGN_STYLE = Automatic;
				INFOPLIST_FILE = CustomPopUp/Info.plist;
				LD_RUNPATH_SEARCH_PATHS = (
					"$(inherited)",
					"@executable_path/Frameworks",
				);
				PRODUCT_BUNDLE_IDENTIFIER = seungmin.CustomPopUp;
				PRODUCT_NAME = "$(TARGET_NAME)";
				SWIFT_VERSION = 5.0;
				TARGETED_DEVICE_FAMILY = "1,2";
			};
			name = Release;
		};
/* End XCBuildConfiguration section */

/* Begin XCConfigurationList section */
		562C9A9526244C61003EB548 /* Build configuration list for PBXProject "CustomPopUp" */ = {
			isa = XCConfigurationList;
			buildConfigurations = (
				562C9AAC26244C61003EB548 /* Debug */,
				562C9AAD26244C61003EB548 /* Release */,
			);
			defaultConfigurationIsVisible = 0;
			defaultConfigurationName = Release;
		};
		562C9AAE26244C61003EB548 /* Build configuration list for PBXNativeTarget "CustomPopUp" */ = {
			isa = XCConfigurationList;
			buildConfigurations = (
				562C9AAF26244C61003EB548 /* Debug */,
				562C9AB026244C61003EB548 /* Release */,
			);
			defaultConfigurationIsVisible = 0;
			defaultConfigurationName = Release;
		};
/* End XCConfigurationList section */
	};
	rootObject = 562C9A9226244C61003EB548 /* Project object */;
}
